dependencies:
  espressif/ethernet_init:
    component_hash: 9f7d29acf5fe32315579ddb6247388291cda555aa529409108c0ada0aa7cd99d
    dependencies:
    - matches:
      - if: $CONFIG{ETHERNET_SPI_USE_CH390} == 1
      name: espressif/ch390
      registry_url: https://components.espressif.com
      require: private
      version: '*'
    - matches:
      - if: $CONFIG{ETHERNET_SPI_USE_DM9051} == 1
      name: espressif/dm9051
      registry_url: https://components.espressif.com
      require: private
      rules:
      - if: idf_version >=6.0
        version: ^1.0.0
      version: '*'
    - matches:
      - if: idf_version >=6.0
        version: ^1.0.0
      name: espressif/dp83848
      registry_url: https://components.espressif.com
      require: private
      rules:
      - if: target in [esp32, esp32p4]
      - if: $CONFIG{ETHERNET_PHY_USE_DP83848} == 1
      version: '*'
    - matches:
      - if: $CONFIG{ETHERNET_SPI_USE_ENC28J60} == 1
      name: espressif/enc28j60
      registry_url: https://components.espressif.com
      require: private
      version: '*'
    - matches:
      - if: idf_version >=6.0
        version: ^1.0.0
      name: espressif/ip101
      registry_url: https://components.espressif.com
      require: private
      rules:
      - if: target in [esp32, esp32p4]
      - if: $CONFIG{ETHERNET_PHY_USE_IP101} == 1
      version: '*'
    - matches:
      - if: idf_version >=6.0
        version: ^1.0.0
      name: espressif/ksz80xx
      registry_url: https://components.espressif.com
      require: private
      rules:
      - if: target in [esp32, esp32p4]
      - if: $CONFIG{ETHERNET_PHY_USE_KSZ80XX} == 1
      version: '*'
    - matches:
      - if: $CONFIG{ETHERNET_SPI_USE_KSZ8851SNL} == 1
      name: espressif/ksz8851snl
      registry_url: https://components.espressif.com
      require: private
      rules:
      - if: idf_version >=6.0
        version: ^1.0.0
      version: '*'
    - matches:
      - if: $CONFIG{ETHERNET_SPI_USE_LAN865X} == 1
      name: espressif/lan865x
      registry_url: https://components.espressif.com
      require: private
      version: ^0.1.1
    - name: espressif/lan867x
      registry_url: https://components.espressif.com
      require: private
      rules:
      - if: target in [esp32, esp32p4]
      - if: $CONFIG{ETHERNET_PHY_USE_LAN867X} == 1
      version: '>=2.0.0'
    - matches:
      - if: idf_version >=6.0
        version: ^1.0.0
      name: espressif/lan87xx
      registry_url: https://components.espressif.com
      require: private
      rules:
      - if: target in [esp32, esp32p4]
      - if: $CONFIG{ETHERNET_PHY_USE_LAN87XX} == 1
      version: '*'
    - matches:
      - if: idf_version >=6.0
        version: ^1.0.0
      name: espressif/rtl8201
      registry_url: https://components.espressif.com
      require: private
      rules:
      - if: target in [esp32, esp32p4]
      - if: $CONFIG{ETHERNET_PHY_USE_RTL8201} == 1
      version: '*'
    - matches:
      - if: $CONFIG{ETHERNET_SPI_USE_W5500} == 1
      name: espressif/w5500
      registry_url: https://components.espressif.com
      require: private
      rules:
      - if: idf_version >=6.0
        version: ^1.0.0
      version: '*'
    - name: idf
      require: private
      version: '>=5.4.3,!=5.5.0,!=5.5.1'
    source:
      registry_url: https://components.espressif.com/
      type: service
    version: 1.3.0
  espressif/led_strip:
    component_hash: 28621486f77229aaf81c71f5e15d6fbf36c2949cf11094e07090593e659e7639
    dependencies:
    - name: idf
      require: private
      version: '>=5.0'
    source:
      registry_url: https://components.espressif.com/
      type: service
    version: 3.0.3
  espressif/w5500:
    component_hash: e6e47022a1f509d1d1197652a554aea84a8cd4d99161061e187ecf4b78a7f6ca
    dependencies:
    - name: idf
      require: private
      version: '>=6.0'
    source:
      registry_url: https://components.espressif.com
      type: service
    version: 1.0.1
  idf:
    source:
      type: idf
    version: 6.0.2
direct_dependencies:
- espressif/ethernet_init
- espressif/led_strip
manifest_hash: d3bb45c38a2dbdaa40dbe1571998987d0f9fb4f898571e858b5a46c3d3aa2377
target: esp32c6
version: 3.0.0
